
Microsoft Visual Studio Solution File, Format Version 12.00
# Visual Studio Version 16
VisualStudioVersion = 16.0.31605.320
MinimumVisualStudioVersion = 10.0.40219.1
Project("{FAE04EC0-301F-11D3-BF4B-00C04F79EFBC}") = "FileUploadDemo", "FileUploadDemo\FileUploadDemo.csproj", "{9611F628-C823-4FF9-AE01-6076D127CDF2}"
EndProject
Global
	GlobalSection(SolutionConfigurationPlatforms) = preSolution
		Debug|Any CPU = Debug|Any CPU
		Release|Any CPU = Release|Any CPU
	EndGlobalSection
	GlobalSection(ProjectConfigurationPlatforms) = postSolution
		{9611F628-C823-4FF9-AE01-6076D127CDF2}.Debug|Any CPU.ActiveCfg = Debug|Any CPU
		{9611F628-C823-4FF9-AE01-6076D127CDF2}.Debug|Any CPU.Build.0 = Debug|Any CPU
		{9611F628-C823-4FF9-AE01-6076D127CDF2}.Release|Any CPU.ActiveCfg = Release|Any CPU
		{9611F628-C823-4FF9-AE01-6076D127CDF2}.Release|Any CPU.Build.0 = Release|Any CPU
	EndGlobalSection
	GlobalSection(SolutionProperties) = preSolution
		HideSolutionNode = FALSE
	EndGlobalSection
	GlobalSection(ExtensibilityGlobals) = postSolution
		SolutionGuid = {FFC22DF6-CBD8-45E8-9DEA-BADCF1C9A830}
	EndGlobalSection
EndGlobal
